
Microsoft Visual Studio Solution File, Format Version 12.00
# Visual Studio Version 17
VisualStudioVersion = 17.5.33516.290
MinimumVisualStudioVersion = 10.0.40219.1
Project("{9A19103F-16F7-4668-BE54-9A1E7A4F7556}") = "Treinamantonerd2", "Treinamantonerd2\Treinamantonerd2.csproj", "{9AD2C35E-2FB4-468D-8AE3-B8D1CDCC2226}"
EndProject
Project("{9A19103F-16F7-4668-BE54-9A1E7A4F7556}") = "EFCoretutorials", "EFCoretutorials\EFCoretutorials.csproj", "{A52E4EE7-BFD0-483D-97C0-F76A8BDCFCD6}"
EndProject
Global
	GlobalSection(SolutionConfigurationPlatforms) = preSolution
		Debug|Any CPU = Debug|Any CPU
		Release|Any CPU = Release|Any CPU
	EndGlobalSection
	GlobalSection(ProjectConfigurationPlatforms) = postSolution
		{9AD2C35E-2FB4-468D-8AE3-B8D1CDCC2226}.Debug|Any CPU.ActiveCfg = Debug|Any CPU
		{9AD2C35E-2FB4-468D-8AE3-B8D1CDCC2226}.Release|Any CPU.ActiveCfg = Release|Any CPU
		{9AD2C35E-2FB4-468D-8AE3-B8D1CDCC2226}.Release|Any CPU.Build.0 = Release|Any CPU
		{A52E4EE7-BFD0-483D-97C0-F76A8BDCFCD6}.Debug|Any CPU.ActiveCfg = Debug|Any CPU
		{A52E4EE7-BFD0-483D-97C0-F76A8BDCFCD6}.Debug|Any CPU.Build.0 = Debug|Any CPU
		{A52E4EE7-BFD0-483D-97C0-F76A8BDCFCD6}.Release|Any CPU.ActiveCfg = Release|Any CPU
		{A52E4EE7-BFD0-483D-97C0-F76A8BDCFCD6}.Release|Any CPU.Build.0 = Release|Any CPU
	EndGlobalSection
	GlobalSection(SolutionProperties) = preSolution
		HideSolutionNode = FALSE
	EndGlobalSection
	GlobalSection(ExtensibilityGlobals) = postSolution
		SolutionGuid = {D0040CB6-3F78-42D9-AF21-DD5EB9C852EE}
	EndGlobalSection
EndGlobal
